
Microsoft Visual Studio Solution File, Format Version 12.00
# Visual Studio Version 17
VisualStudioVersion = 17.14.36109.1 d17.14
MinimumVisualStudioVersion = 10.0.40219.1
Project("{FAE04EC0-301F-11D3-BF4B-00C04F79EFBC}") = "UntilOurLastBreath", "UntilOurLastBreath\UntilOurLastBreath.csproj", "{B59CD17B-042E-47BC-8EE2-D46D1B8EAA04}"
EndProject
Global
	GlobalSection(SolutionConfigurationPlatforms) = preSolution
		Debug|Any CPU = Debug|Any CPU
		Release|Any CPU = Release|Any CPU
	EndGlobalSection
	GlobalSection(ProjectConfigurationPlatforms) = postSolution
		{B59CD17B-042E-47BC-8EE2-D46D1B8EAA04}.Debug|Any CPU.ActiveCfg = Debug|Any CPU
		{B59CD17B-042E-47BC-8EE2-D46D1B8EAA04}.Debug|Any CPU.Build.0 = Debug|Any CPU
		{B59CD17B-042E-47BC-8EE2-D46D1B8EAA04}.Release|Any CPU.ActiveCfg = Release|Any CPU
		{B59CD17B-042E-47BC-8EE2-D46D1B8EAA04}.Release|Any CPU.Build.0 = Release|Any CPU
	EndGlobalSection
	GlobalSection(SolutionProperties) = preSolution
		HideSolutionNode = FALSE
	EndGlobalSection
	GlobalSection(ExtensibilityGlobals) = postSolution
		SolutionGuid = {3BBB4E93-950E-462D-A9C3-5A21C4ACDCCD}
	EndGlobalSection
EndGlobal
